
Microsoft Visual Studio Solution File, Format Version 12.00
# Visual Studio Version 17
VisualStudioVersion = 17.5.33627.172
MinimumVisualStudioVersion = 10.0.40219.1
Project("{9A19103F-16F7-4668-BE54-9A1E7A4F7556}") = "Shop.Data", "Shop.Data\Shop.Data.csproj", "{03DC8F22-7F80-446C-B13A-C71D46F4E7B3}"
EndProject
Project("{9A19103F-16F7-4668-BE54-9A1E7A4F7556}") = "Shop.WebAPI", "Shop.WebAPI\Shop.WebAPI.csproj", "{29EF3DDA-9086-4633-BE74-76BC64AB15D1}"
EndProject
Project("{9A19103F-16F7-4668-BE54-9A1E7A4F7556}") = "Shop.WebApp", "Shop.WebApp\Shop.WebApp.csproj", "{94E0ED11-4B00-4058-B61B-E863F352350C}"
EndProject
Global
	GlobalSection(SolutionConfigurationPlatforms) = preSolution
		Debug|Any CPU = Debug|Any CPU
		Release|Any CPU = Release|Any CPU
	EndGlobalSection
	GlobalSection(ProjectConfigurationPlatforms) = postSolution
		{03DC8F22-7F80-446C-B13A-C71D46F4E7B3}.Debug|Any CPU.ActiveCfg = Debug|Any CPU
		{03DC8F22-7F80-446C-B13A-C71D46F4E7B3}.Debug|Any CPU.Build.0 = Debug|Any CPU
		{03DC8F22-7F80-446C-B13A-C71D46F4E7B3}.Release|Any CPU.ActiveCfg = Release|Any CPU
		{03DC8F22-7F80-446C-B13A-C71D46F4E7B3}.Release|Any CPU.Build.0 = Release|Any CPU
		{29EF3DDA-9086-4633-BE74-76BC64AB15D1}.Debug|Any CPU.ActiveCfg = Debug|Any CPU
		{29EF3DDA-9086-4633-BE74-76BC64AB15D1}.Debug|Any CPU.Build.0 = Debug|Any CPU
		{29EF3DDA-9086-4633-BE74-76BC64AB15D1}.Release|Any CPU.ActiveCfg = Release|Any CPU
		{29EF3DDA-9086-4633-BE74-76BC64AB15D1}.Release|Any CPU.Build.0 = Release|Any CPU
		{94E0ED11-4B00-4058-B61B-E863F352350C}.Debug|Any CPU.ActiveCfg = Debug|Any CPU
		{94E0ED11-4B00-4058-B61B-E863F352350C}.Debug|Any CPU.Build.0 = Debug|Any CPU
		{94E0ED11-4B00-4058-B61B-E863F352350C}.Release|Any CPU.ActiveCfg = Release|Any CPU
		{94E0ED11-4B00-4058-B61B-E863F352350C}.Release|Any CPU.Build.0 = Release|Any CPU
	EndGlobalSection
	GlobalSection(SolutionProperties) = preSolution
		HideSolutionNode = FALSE
	EndGlobalSection
	GlobalSection(ExtensibilityGlobals) = postSolution
		SolutionGuid = {91FE457A-4D32-474C-A2B7-79B09F9F016B}
	EndGlobalSection
EndGlobal
